	McvExpansionManagerBotModule:
		RequiresCondition: genericbot || classicbot
		McvTypes: td_gdi_mobileconstructionvehicle, td_nod_mobileconstructionvehicle, ra1_allies_mobileconstructionvehicle, ra1_soviets_mobileconstructionvehicle, japan_japanesemobileconstructionvehicle, ra2_allies_mobileconstructionvehicle, ra2_soviets_mobileconstructionvehicle, yuri_mobileconstructionvehicle, yuri_slaveminer, japan_corewarfactory, japan_corerefinery, japan_corepowerplant, japan_corebarracks, japan_coreradar, japan_coreairfield, japan_coreservicedepot, japan_coretechcenter, asianalliance_mobileconstructionvehicle, ixian_mobileconstructionvehicle, ordos_mobileconstructionvehicle, steelconsortium_consortiummobileconstructionvehicle, latinsyndicate_syndicatemobileconstructionvehicle, naxis_naximobileconstructionvehicle, schwarzermond_naxismobileconstructionvehicle, futuretech_mobileconstructionvehicle, terran_mobilecommandcenter, protoss_mobilenexus, zerg_hatcherydrone, wc2_humans_mobileconstructionvehiclehuman, wc2_orcs_mobileconstructionvehicleorc, ts_gdi_mobileconstructionvehicle, ts_nod_mobileconstructionvehicle, forgotten_mobileconstructionvehicle, cabal_mobileconstructionvehicle, tkm_mobileconstructionvehicletkm, atreides_mobileconstructionvehicle, corrino_mobileconstructionvehicle, harkonnen_mobileconstructionvehicle, eden_convec_structure_factory, plymouth_convec_structure_factory
		ConstructionMcvTypes: td_gdi_mobileconstructionvehicle, td_nod_mobileconstructionvehicle, ra1_allies_mobileconstructionvehicle, ra1_soviets_mobileconstructionvehicle, japan_japanesemobileconstructionvehicle, ra2_allies_mobileconstructionvehicle, ra2_soviets_mobileconstructionvehicle, yuri_mobileconstructionvehicle, asianalliance_mobileconstructionvehicle, ixian_mobileconstructionvehicle, ordos_mobileconstructionvehicle, steelconsortium_consortiummobileconstructionvehicle, latinsyndicate_syndicatemobileconstructionvehicle, naxis_naximobileconstructionvehicle, schwarzermond_naxismobileconstructionvehicle, futuretech_mobileconstructionvehicle, terran_mobilecommandcenter, protoss_mobilenexus, zerg_hatcherydrone, wc2_humans_mobileconstructionvehiclehuman, wc2_orcs_mobileconstructionvehicleorc, ts_gdi_mobileconstructionvehicle, ts_nod_mobileconstructionvehicle, forgotten_mobileconstructionvehicle, cabal_mobileconstructionvehicle, tkm_mobileconstructionvehicletkm, atreides_mobileconstructionvehicle, corrino_mobileconstructionvehicle, harkonnen_mobileconstructionvehicle, eden_convec_structure_factory, plymouth_convec_structure_factory
		ConstructionYardTypes: td_gdi_defenserig
		McvFactoryTypes: td_gdi_weaponsfactory, td_nod_airstrip, ra1_soviets_warfactory, ra1_soviets_largefactory, ra1_allies_warfactory, japan_japanesewarfactory, ra2_allies_warfactory, ra2_soviets_warfactory, yuri_warfactory, asianalliance_warfactory, ts_gdi_warfactory, forgotten_warfactory, ts_nod_warfactory, cabal_mechfactory, zerg_hatchery, protoss_nexus, terran_commandcenter, terran_weaponsfactory, protoss_roboticsfacility, glcommand, chcommand, usacommand, ixian_advancedheavyfactory, ordos_heavyfactory, ixian_starport, ordos_starport, sc_zerg_larva, wc2_humans_townhall, wc2_orcs_greathall, wc2_humans_gnomishinventor, wc2_orcs_golbinalchemist, steelconsortium_consortiumwarfactory, latinsyndicate_syndicatefactory, naxis_warfactory, schwarzermond_warfactory, futuretech_warpgate, tkm_constructionyard, atreides_heavyfactory, atreides_starport, corrino_heavyfactory, corrino_starport, harkonnen_heavyfactory, harkonnen_starport, eden_factory_vehicle, plymouth_factory_vehicle
		MinimumConstructionYardCount: 1
		AdditionalConstructionYardCount: 1
		BuildAdditionalMCVCashAmount: 4000
		# Expand with a dedicated MCV. Existing conyards only relocate when recovering
		# from a specific stuck building-placement request.
		MoveConyardTick: 0
		RelocateConyardsForExpansion: false
		MinimumConyardRelocationDistance: 10
	# classic (the CA A/B reference) runs the CA capture manager alone, as upstream CA does. genericbot runs
	# EngineerBotModule below instead: the ENG merge (DESIGN §19.3) of this module and the AS CncEngineerBotModule.
